// !$*UTF8*$!
{
	archiveVersion = 1;
	classes = {
	};
	objectVersion = 55;
	objects = {

/* Begin PBXAggregateTarget section */
		0455EB06291109F100B980E5 /* SeelKitDelagate */ = {
			isa = PBXAggregateTarget;
			buildConfigurationList = 0455EB07291109F100B980E5 /* Build configuration list for PBXAggregateTarget "SeelKitDelagate" */;
			buildPhases = (
				0455EB0A29110A0900B980E5 /* ShellScript */,
			);
			dependencies = (
			);
			name = SeelKitDelagate;
			productName = SeelKitDelagate;
		};
/* End PBXAggregateTarget section */

/* Begin PBXBuildFile section */
		0452DD3D291114FC00F0EDF6 /* SKMASCompositeConstraint.h in Headers */ = {isa = PBXBuildFile; fileRef = 0452DD24291114FC00F0EDF6 /* SKMASCompositeConstraint.h */; };
		0452DD3E291114FC00F0EDF6 /* NSLayoutConstraint+SKMASDebugAdditions.m in Sources */ = {isa = PBXBuildFile; fileRef = 0452DD25291114FC00F0EDF6 /* NSLayoutConstraint+SKMASDebugAdditions.m */; };
		0452DD3F291114FC00F0EDF6 /* SKMASConstraint+Private.h in Headers */ = {isa = PBXBuildFile; fileRef = 0452DD26291114FC00F0EDF6 /* SKMASConstraint+Private.h */; };
		0452DD40291114FC00F0EDF6 /* SKMASLayoutConstraint.h in Headers */ = {isa = PBXBuildFile; fileRef = 0452DD27291114FC00F0EDF6 /* SKMASLayoutConstraint.h */; };
		0452DD41291114FC00F0EDF6 /* NSArray+SKMASShorthandAdditions.h in Headers */ = {isa = PBXBuildFile; fileRef = 0452DD28291114FC00F0EDF6 /* NSArray+SKMASShorthandAdditions.h */; };
		0452DD42291114FC00F0EDF6 /* SKMASConstraintMaker.h in Headers */ = {isa = PBXBuildFile; fileRef = 0452DD29291114FC00F0EDF6 /* SKMASConstraintMaker.h */; };
		0452DD43291114FC00F0EDF6 /* View+SKMASAdditions.h in Headers */ = {isa = PBXBuildFile; fileRef = 0452DD2A291114FC00F0EDF6 /* View+SKMASAdditions.h */; };
		0452DD44291114FC00F0EDF6 /* NSArray+SKMASAdditions.h in Headers */ = {isa = PBXBuildFile; fileRef = 0452DD2B291114FC00F0EDF6 /* NSArray+SKMASAdditions.h */; };
		0452DD45291114FC00F0EDF6 /* SKMASUtilities.h in Headers */ = {isa = PBXBuildFile; fileRef = 0452DD2C291114FC00F0EDF6 /* SKMASUtilities.h */; };
		0452DD46291114FC00F0EDF6 /* SKMASViewAttribute.h in Headers */ = {isa = PBXBuildFile; fileRef = 0452DD2D291114FC00F0EDF6 /* SKMASViewAttribute.h */; };
		0452DD47291114FC00F0EDF6 /* ViewController+SKMASAdditions.m in Sources */ = {isa = PBXBuildFile; fileRef = 0452DD2E291114FC00F0EDF6 /* ViewController+SKMASAdditions.m */; };
		0452DD48291114FC00F0EDF6 /* SKMASViewConstraint.h in Headers */ = {isa = PBXBuildFile; fileRef = 0452DD2F291114FC00F0EDF6 /* SKMASViewConstraint.h */; };
		0452DD49291114FC00F0EDF6 /* SKMASConstraint.h in Headers */ = {isa = PBXBuildFile; fileRef = 0452DD30291114FC00F0EDF6 /* SKMASConstraint.h */; };
		0452DD4A291114FC00F0EDF6 /* NSLayoutConstraint+SKMASDebugAdditions.h in Headers */ = {isa = PBXBuildFile; fileRef = 0452DD31291114FC00F0EDF6 /* NSLayoutConstraint+SKMASDebugAdditions.h */; };
		0452DD4B291114FC00F0EDF6 /* SKMASCompositeConstraint.m in Sources */ = {isa = PBXBuildFile; fileRef = 0452DD32291114FC00F0EDF6 /* SKMASCompositeConstraint.m */; };
		0452DD4C291114FC00F0EDF6 /* SKMASConstraintMaker.m in Sources */ = {isa = PBXBuildFile; fileRef = 0452DD33291114FC00F0EDF6 /* SKMASConstraintMaker.m */; };
		0452DD4D291114FC00F0EDF6 /* SKMASLayoutConstraint.m in Sources */ = {isa = PBXBuildFile; fileRef = 0452DD34291114FC00F0EDF6 /* SKMASLayoutConstraint.m */; };
		0452DD4E291114FC00F0EDF6 /* NSArray+SKMASAdditions.m in Sources */ = {isa = PBXBuildFile; fileRef = 0452DD35291114FC00F0EDF6 /* NSArray+SKMASAdditions.m */; };
		0452DD4F291114FC00F0EDF6 /* View+SKMASAdditions.m in Sources */ = {isa = PBXBuildFile; fileRef = 0452DD36291114FC00F0EDF6 /* View+SKMASAdditions.m */; };
		0452DD50291114FC00F0EDF6 /* View+SKMASShorthandAdditions.h in Headers */ = {isa = PBXBuildFile; fileRef = 0452DD37291114FC00F0EDF6 /* View+SKMASShorthandAdditions.h */; };
		0452DD51291114FC00F0EDF6 /* SKMasonry.h in Headers */ = {isa = PBXBuildFile; fileRef = 0452DD38291114FC00F0EDF6 /* SKMasonry.h */; };
		0452DD52291114FC00F0EDF6 /* SKMASConstraint.m in Sources */ = {isa = PBXBuildFile; fileRef = 0452DD39291114FC00F0EDF6 /* SKMASConstraint.m */; };
		0452DD53291114FC00F0EDF6 /* ViewController+SKMASAdditions.h in Headers */ = {isa = PBXBuildFile; fileRef = 0452DD3A291114FC00F0EDF6 /* ViewController+SKMASAdditions.h */; };
		0452DD54291114FC00F0EDF6 /* SKMASViewConstraint.m in Sources */ = {isa = PBXBuildFile; fileRef = 0452DD3B291114FC00F0EDF6 /* SKMASViewConstraint.m */; };
		0452DD55291114FC00F0EDF6 /* SKMASViewAttribute.m in Sources */ = {isa = PBXBuildFile; fileRef = 0452DD3C291114FC00F0EDF6 /* SKMASViewAttribute.m */; };
		0455EA742911092100B980E5 /* SeelKit.docc in Sources */ = {isa = PBXBuildFile; fileRef = 0455EA732911092100B980E5 /* SeelKit.docc */; };
		0455EA7A2911092200B980E5 /* SeelKit.framework in Frameworks */ = {isa = PBXBuildFile; fileRef = 0455EA6F2911092100B980E5 /* SeelKit.framework */; };
		0455EA7F2911092200B980E5 /* SeelKitTests.m in Sources */ = {isa = PBXBuildFile; fileRef = 0455EA7E2911092200B980E5 /* SeelKitTests.m */; };
		0455EA802911092200B980E5 /* SeelKit.h in Headers */ = {isa = PBXBuildFile; fileRef = 0455EA722911092100B980E5 /* SeelKit.h */; settings = {ATTRIBUTES = (Public, ); }; };
		0455EACC2911094E00B980E5 /* SKAutoPurgingImageCache.h in Headers */ = {isa = PBXBuildFile; fileRef = 0455EA8C2911094E00B980E5 /* SKAutoPurgingImageCache.h */; };
		0455EACD2911094E00B980E5 /* UIActivityIndicatorView+SKNetworking.m in Sources */ = {isa = PBXBuildFile; fileRef = 0455EA8D2911094E00B980E5 /* UIActivityIndicatorView+SKNetworking.m */; };
		0455EACE2911094E00B980E5 /* UIKit+SKNetworking.h in Headers */ = {isa = PBXBuildFile; fileRef = 0455EA8E2911094E00B980E5 /* UIKit+SKNetworking.h */; };
		0455EACF2911094E00B980E5 /* UIRefreshControl+SKNetworking.h in Headers */ = {isa = PBXBuildFile; fileRef = 0455EA8F2911094E00B980E5 /* UIRefreshControl+SKNetworking.h */; };
		0455EAD02911094E00B980E5 /* UIButton+SKNetworking.m in Sources */ = {isa = PBXBuildFile; fileRef = 0455EA902911094E00B980E5 /* UIButton+SKNetworking.m */; };
		0455EAD12911094E00B980E5 /* UIImageView+SKNetworking.m in Sources */ = {isa = PBXBuildFile; fileRef = 0455EA912911094E00B980E5 /* UIImageView+SKNetworking.m */; };
		0455EAD22911094E00B980E5 /* SKImageDownloader.h in Headers */ = {isa = PBXBuildFile; fileRef = 0455EA922911094E00B980E5 /* SKImageDownloader.h */; };
		0455EAD32911094E00B980E5 /* UIProgressView+SKNetworking.h in Headers */ = {isa = PBXBuildFile; fileRef = 0455EA932911094E00B980E5 /* UIProgressView+SKNetworking.h */; };
		0455EAD42911094E00B980E5 /* WKWebView+SKNetworking.m in Sources */ = {isa = PBXBuildFile; fileRef = 0455EA942911094E00B980E5 /* WKWebView+SKNetworking.m */; };
		0455EAD52911094E00B980E5 /* SKNetworkActivityIndicatorManager.h in Headers */ = {isa = PBXBuildFile; fileRef = 0455EA952911094E00B980E5 /* SKNetworkActivityIndicatorManager.h */; };
		0455EAD62911094E00B980E5 /* UIActivityIndicatorView+SKNetworking.h in Headers */ = {isa = PBXBuildFile; fileRef = 0455EA962911094E00B980E5 /* UIActivityIndicatorView+SKNetworking.h */; };
		0455EAD72911094E00B980E5 /* SKAutoPurgingImageCache.m in Sources */ = {isa = PBXBuildFile; fileRef = 0455EA972911094E00B980E5 /* SKAutoPurgingImageCache.m */; };
		0455EAD82911094E00B980E5 /* SKImageDownloader.m in Sources */ = {isa = PBXBuildFile; fileRef = 0455EA982911094E00B980E5 /* SKImageDownloader.m */; };
		0455EAD92911094E00B980E5 /* UIImageView+SKNetworking.h in Headers */ = {isa = PBXBuildFile; fileRef = 0455EA992911094E00B980E5 /* UIImageView+SKNetworking.h */; };
		0455EADA2911094E00B980E5 /* UIButton+SKNetworking.h in Headers */ = {isa = PBXBuildFile; fileRef = 0455EA9A2911094E00B980E5 /* UIButton+SKNetworking.h */; };
		0455EADB2911094E00B980E5 /* UIRefreshControl+SKNetworking.m in Sources */ = {isa = PBXBuildFile; fileRef = 0455EA9B2911094E00B980E5 /* UIRefreshControl+SKNetworking.m */; };
		0455EADC2911094E00B980E5 /* UIProgressView+SKNetworking.m in Sources */ = {isa = PBXBuildFile; fileRef = 0455EA9C2911094E00B980E5 /* UIProgressView+SKNetworking.m */; };
		0455EADD2911094E00B980E5 /* WKWebView+SKNetworking.h in Headers */ = {isa = PBXBuildFile; fileRef = 0455EA9D2911094E00B980E5 /* WKWebView+SKNetworking.h */; };
		0455EADE2911094E00B980E5 /* SKNetworkActivityIndicatorManager.m in Sources */ = {isa = PBXBuildFile; fileRef = 0455EA9E2911094E00B980E5 /* SKNetworkActivityIndicatorManager.m */; };
		0455EADF2911094E00B980E5 /* SKNetworkReachabilityManager.m in Sources */ = {isa = PBXBuildFile; fileRef = 0455EAA02911094E00B980E5 /* SKNetworkReachabilityManager.m */; };
		0455EAE02911094E00B980E5 /* SKURLSessionManager.h in Headers */ = {isa = PBXBuildFile; fileRef = 0455EAA12911094E00B980E5 /* SKURLSessionManager.h */; };
		0455EAE12911094E00B980E5 /* SKURLRequestSerialization.m in Sources */ = {isa = PBXBuildFile; fileRef = 0455EAA22911094E00B980E5 /* SKURLRequestSerialization.m */; };
		0455EAE22911094E00B980E5 /* SKURLResponseSerialization.h in Headers */ = {isa = PBXBuildFile; fileRef = 0455EAA32911094E00B980E5 /* SKURLResponseSerialization.h */; };
		0455EAE32911094E00B980E5 /* SKHTTPSessionManager.h in Headers */ = {isa = PBXBuildFile; fileRef = 0455EAA42911094E00B980E5 /* SKHTTPSessionManager.h */; };
		0455EAE42911094E00B980E5 /* SKNetworking.h in Headers */ = {isa = PBXBuildFile; fileRef = 0455EAA52911094E00B980E5 /* SKNetworking.h */; };
		0455EAE52911094E00B980E5 /* SKSecurityPolicy.h in Headers */ = {isa = PBXBuildFile; fileRef = 0455EAA62911094E00B980E5 /* SKSecurityPolicy.h */; };
		0455EAE62911094E00B980E5 /* SKURLResponseSerialization.m in Sources */ = {isa = PBXBuildFile; fileRef = 0455EAA72911094E00B980E5 /* SKURLResponseSerialization.m */; };
		0455EAE72911094E00B980E5 /* SKURLRequestSerialization.h in Headers */ = {isa = PBXBuildFile; fileRef = 0455EAA82911094E00B980E5 /* SKURLRequestSerialization.h */; };
		0455EAE82911094E00B980E5 /* SKURLSessionManager.m in Sources */ = {isa = PBXBuildFile; fileRef = 0455EAA92911094E00B980E5 /* SKURLSessionManager.m */; };
		0455EAE92911094E00B980E5 /* SKNetworkReachabilityManager.h in Headers */ = {isa = PBXBuildFile; fileRef = 0455EAAA2911094E00B980E5 /* SKNetworkReachabilityManager.h */; };
		0455EAEA2911094E00B980E5 /* SKCompatibilityMacros.h in Headers */ = {isa = PBXBuildFile; fileRef = 0455EAAB2911094E00B980E5 /* SKCompatibilityMacros.h */; };
		0455EAEB2911094E00B980E5 /* SKHTTPSessionManager.m in Sources */ = {isa = PBXBuildFile; fileRef = 0455EAAC2911094E00B980E5 /* SKHTTPSessionManager.m */; };
		0455EAEC2911094E00B980E5 /* SKSecurityPolicy.m in Sources */ = {isa = PBXBuildFile; fileRef = 0455EAAD2911094E00B980E5 /* SKSecurityPolicy.m */; };
		0455EAED2911094E00B980E5 /* SKClassInfo.m in Sources */ = {isa = PBXBuildFile; fileRef = 0455EAAF2911094E00B980E5 /* SKClassInfo.m */; };
		0455EAEE2911094E00B980E5 /* SKModel.h in Headers */ = {isa = PBXBuildFile; fileRef = 0455EAB02911094E00B980E5 /* SKModel.h */; };
		0455EAEF2911094E00B980E5 /* NSObject+SKModel.m in Sources */ = {isa = PBXBuildFile; fileRef = 0455EAB12911094E00B980E5 /* NSObject+SKModel.m */; };
		0455EAF02911094F00B980E5 /* SKClassInfo.h in Headers */ = {isa = PBXBuildFile; fileRef = 0455EAB22911094E00B980E5 /* SKClassInfo.h */; };
		0455EAF12911094F00B980E5 /* NSObject+SKModel.h in Headers */ = {isa = PBXBuildFile; fileRef = 0455EAB32911094E00B980E5 /* NSObject+SKModel.h */; };
		0455EAF22911094F00B980E5 /* SKBaseModel.h in Headers */ = {isa = PBXBuildFile; fileRef = 0455EAB52911094E00B980E5 /* SKBaseModel.h */; };
		0455EAF32911094F00B980E5 /* SKRequest.m in Sources */ = {isa = PBXBuildFile; fileRef = 0455EAB62911094E00B980E5 /* SKRequest.m */; };
		0455EAF42911094F00B980E5 /* SKController.h in Headers */ = {isa = PBXBuildFile; fileRef = 0455EAB72911094E00B980E5 /* SKController.h */; };
		0455EAF52911094F00B980E5 /* NSObject+SKMessage.m in Sources */ = {isa = PBXBuildFile; fileRef = 0455EAB82911094E00B980E5 /* NSObject+SKMessage.m */; };
		0455EAF62911094F00B980E5 /* SKMessage.h in Headers */ = {isa = PBXBuildFile; fileRef = 0455EAB92911094E00B980E5 /* SKMessage.h */; };
		0455EAF72911094F00B980E5 /* SKIPAgent.h in Headers */ = {isa = PBXBuildFile; fileRef = 0455EABA2911094E00B980E5 /* SKIPAgent.h */; };
		0455EAF82911094F00B980E5 /* SKBaseModel.m in Sources */ = {isa = PBXBuildFile; fileRef = 0455EABB2911094E00B980E5 /* SKBaseModel.m */; };
		0455EAF92911094F00B980E5 /* SKController.m in Sources */ = {isa = PBXBuildFile; fileRef = 0455EABC2911094E00B980E5 /* SKController.m */; };
		0455EAFA2911094F00B980E5 /* SKRequest.h in Headers */ = {isa = PBXBuildFile; fileRef = 0455EABD2911094E00B980E5 /* SKRequest.h */; };
		0455EAFB2911094F00B980E5 /* NSObject+SKMessage.h in Headers */ = {isa = PBXBuildFile; fileRef = 0455EABE2911094E00B980E5 /* NSObject+SKMessage.h */; };
		0455EAFC2911094F00B980E5 /* SKMessage.m in Sources */ = {isa = PBXBuildFile; fileRef = 0455EABF2911094E00B980E5 /* SKMessage.m */; };
		0455EAFD2911094F00B980E5 /* SKIPAgent.m in Sources */ = {isa = PBXBuildFile; fileRef = 0455EAC02911094E00B980E5 /* SKIPAgent.m */; };
		0455EAFE2911094F00B980E5 /* SKRequestController.m in Sources */ = {isa = PBXBuildFile; fileRef = 0455EAC22911094E00B980E5 /* SKRequestController.m */; };
		0455EAFF2911094F00B980E5 /* SKRequestController.h in Headers */ = {isa = PBXBuildFile; fileRef = 0455EAC32911094E00B980E5 /* SKRequestController.h */; };
		0455EB002911094F00B980E5 /* SKAuthManager.h in Headers */ = {isa = PBXBuildFile; fileRef = 0455EAC52911094E00B980E5 /* SKAuthManager.h */; };
		0455EB012911094F00B980E5 /* SKManager.h in Headers */ = {isa = PBXBuildFile; fileRef = 0455EAC62911094E00B980E5 /* SKManager.h */; settings = {ATTRIBUTES = (Public, ); }; };
		0455EB022911094F00B980E5 /* SKAuthManager.m in Sources */ = {isa = PBXBuildFile; fileRef = 0455EAC72911094E00B980E5 /* SKAuthManager.m */; };
		0455EB032911094F00B980E5 /* SKManager.m in Sources */ = {isa = PBXBuildFile; fileRef = 0455EAC82911094E00B980E5 /* SKManager.m */; };
		0455EB042911094F00B980E5 /* SeelView.h in Headers */ = {isa = PBXBuildFile; fileRef = 0455EACA2911094E00B980E5 /* SeelView.h */; settings = {ATTRIBUTES = (Public, ); }; };
		0455EB052911094F00B980E5 /* SeelView.m in Sources */ = {isa = PBXBuildFile; fileRef = 0455EACB2911094E00B980E5 /* SeelView.m */; };
		0455EB1629110AE100B980E5 /* NSString+WYAttributeStringTools.h in Headers */ = {isa = PBXBuildFile; fileRef = 0455EB0C29110AE100B980E5 /* NSString+WYAttributeStringTools.h */; };
		0455EB1729110AE100B980E5 /* UIColor+Category.h in Headers */ = {isa = PBXBuildFile; fileRef = 0455EB0D29110AE100B980E5 /* UIColor+Category.h */; };
		0455EB1829110AE100B980E5 /* UIView+BlocksKit.m in Sources */ = {isa = PBXBuildFile; fileRef = 0455EB0E29110AE100B980E5 /* UIView+BlocksKit.m */; };
		0455EB1929110AE100B980E5 /* UIView+ZXExtension.h in Headers */ = {isa = PBXBuildFile; fileRef = 0455EB0F29110AE100B980E5 /* UIView+ZXExtension.h */; };
		0455EB1A29110AE100B980E5 /* UIGestureRecognizer+BlocksKit.m in Sources */ = {isa = PBXBuildFile; fileRef = 0455EB1029110AE100B980E5 /* UIGestureRecognizer+BlocksKit.m */; };
		0455EB1B29110AE100B980E5 /* NSString+WYAttributeStringTools.m in Sources */ = {isa = PBXBuildFile; fileRef = 0455EB1129110AE100B980E5 /* NSString+WYAttributeStringTools.m */; };
		0455EB1C29110AE100B980E5 /* UIView+BlocksKit.h in Headers */ = {isa = PBXBuildFile; fileRef = 0455EB1229110AE100B980E5 /* UIView+BlocksKit.h */; };
		0455EB1D29110AE100B980E5 /* UIView+ZXExtension.m in Sources */ = {isa = PBXBuildFile; fileRef = 0455EB1329110AE100B980E5 /* UIView+ZXExtension.m */; };
		0455EB1E29110AE100B980E5 /* UIColor+Category.m in Sources */ = {isa = PBXBuildFile; fileRef = 0455EB1429110AE100B980E5 /* UIColor+Category.m */; };
		0455EB1F29110AE100B980E5 /* UIGestureRecognizer+BlocksKit.h in Headers */ = {isa = PBXBuildFile; fileRef = 0455EB1529110AE100B980E5 /* UIGestureRecognizer+BlocksKit.h */; };
/* End PBXBuildFile section */

/* Begin PBXContainerItemProxy section */
		0455EA7B2911092200B980E5 /* PBXContainerItemProxy */ = {
			isa = PBXContainerItemProxy;
			containerPortal = 0455EA662911092100B980E5 /* Project object */;
			proxyType = 1;
			remoteGlobalIDString = 0455EA6E2911092100B980E5;
			remoteInfo = SeelKit;
		};
/* End PBXContainerItemProxy section */

/* Begin PBXFileReference section */
		0452DD24291114FC00F0EDF6 /* SKMASCompositeConstraint.h */ = {isa = PBXFileReference; fileEncoding = 4; lastKnownFileType = sourcecode.c.h; path = SKMASCompositeConstraint.h; sourceTree = "<group>"; };
		0452DD25291114FC00F0EDF6 /* NSLayoutConstraint+SKMASDebugAdditions.m */ = {isa = PBXFileReference; fileEncoding = 4; lastKnownFileType = sourcecode.c.objc; path = "NSLayoutConstraint+SKMASDebugAdditions.m"; sourceTree = "<group>"; };
		0452DD26291114FC00F0EDF6 /* SKMASConstraint+Private.h */ = {isa = PBXFileReference; fileEncoding = 4; lastKnownFileType = sourcecode.c.h; path = "SKMASConstraint+Private.h"; sourceTree = "<group>"; };
		0452DD27291114FC00F0EDF6 /* SKMASLayoutConstraint.h */ = {isa = PBXFileReference; fileEncoding = 4; lastKnownFileType = sourcecode.c.h; path = SKMASLayoutConstraint.h; sourceTree = "<group>"; };
		0452DD28291114FC00F0EDF6 /* NSArray+SKMASShorthandAdditions.h */ = {isa = PBXFileReference; fileEncoding = 4; lastKnownFileType = sourcecode.c.h; path = "NSArray+SKMASShorthandAdditions.h"; sourceTree = "<group>"; };
		0452DD29291114FC00F0EDF6 /* SKMASConstraintMaker.h */ = {isa = PBXFileReference; fileEncoding = 4; lastKnownFileType = sourcecode.c.h; path = SKMASConstraintMaker.h; sourceTree = "<group>"; };
		0452DD2A291114FC00F0EDF6 /* View+SKMASAdditions.h */ = {isa = PBXFileReference; fileEncoding = 4; lastKnownFileType = sourcecode.c.h; path = "View+SKMASAdditions.h"; sourceTree = "<group>"; };
		0452DD2B291114FC00F0EDF6 /* NSArray+SKMASAdditions.h */ = {isa = PBXFileReference; fileEncoding = 4; lastKnownFileType = sourcecode.c.h; path = "NSArray+SKMASAdditions.h"; sourceTree = "<group>"; };
		0452DD2C291114FC00F0EDF6 /* SKMASUtilities.h */ = {isa = PBXFileReference; fileEncoding = 4; lastKnownFileType = sourcecode.c.h; path = SKMASUtilities.h; sourceTree = "<group>"; };
		0452DD2D291114FC00F0EDF6 /* SKMASViewAttribute.h */ = {isa = PBXFileReference; fileEncoding = 4; lastKnownFileType = sourcecode.c.h; path = SKMASViewAttribute.h; sourceTree = "<group>"; };
		0452DD2E291114FC00F0EDF6 /* ViewController+SKMASAdditions.m */ = {isa = PBXFileReference; fileEncoding = 4; lastKnownFileType = sourcecode.c.objc; path = "ViewController+SKMASAdditions.m"; sourceTree = "<group>"; };
		0452DD2F291114FC00F0EDF6 /* SKMASViewConstraint.h */ = {isa = PBXFileReference; fileEncoding = 4; lastKnownFileType = sourcecode.c.h; path = SKMASViewConstraint.h; sourceTree = "<group>"; };
		0452DD30291114FC00F0EDF6 /* SKMASConstraint.h */ = {isa = PBXFileReference; fileEncoding = 4; lastKnownFileType = sourcecode.c.h; path = SKMASConstraint.h; sourceTree = "<group>"; };
		0452DD31291114FC00F0EDF6 /* NSLayoutConstraint+SKMASDebugAdditions.h */ = {isa = PBXFileReference; fileEncoding = 4; lastKnownFileType = sourcecode.c.h; path = "NSLayoutConstraint+SKMASDebugAdditions.h"; sourceTree = "<group>"; };
		0452DD32291114FC00F0EDF6 /* SKMASCompositeConstraint.m */ = {isa = PBXFileReference; fileEncoding = 4; lastKnownFileType = sourcecode.c.objc; path = SKMASCompositeConstraint.m; sourceTree = "<group>"; };
		0452DD33291114FC00F0EDF6 /* SKMASConstraintMaker.m */ = {isa = PBXFileReference; fileEncoding = 4; lastKnownFileType = sourcecode.c.objc; path = SKMASConstraintMaker.m; sourceTree = "<group>"; };
		0452DD34291114FC00F0EDF6 /* SKMASLayoutConstraint.m */ = {isa = PBXFileReference; fileEncoding = 4; lastKnownFileType = sourcecode.c.objc; path = SKMASLayoutConstraint.m; sourceTree = "<group>"; };
		0452DD35291114FC00F0EDF6 /* NSArray+SKMASAdditions.m */ = {isa = PBXFileReference; fileEncoding = 4; lastKnownFileType = sourcecode.c.objc; path = "NSArray+SKMASAdditions.m"; sourceTree = "<group>"; };
		0452DD36291114FC00F0EDF6 /* View+SKMASAdditions.m */ = {isa = PBXFileReference; fileEncoding = 4; lastKnownFileType = sourcecode.c.objc; path = "View+SKMASAdditions.m"; sourceTree = "<group>"; };
		0452DD37291114FC00F0EDF6 /* View+SKMASShorthandAdditions.h */ = {isa = PBXFileReference; fileEncoding = 4; lastKnownFileType = sourcecode.c.h; path = "View+SKMASShorthandAdditions.h"; sourceTree = "<group>"; };
		0452DD38291114FC00F0EDF6 /* SKMasonry.h */ = {isa = PBXFileReference; fileEncoding = 4; lastKnownFileType = sourcecode.c.h; path = SKMasonry.h; sourceTree = "<group>"; };
		0452DD39291114FC00F0EDF6 /* SKMASConstraint.m */ = {isa = PBXFileReference; fileEncoding = 4; lastKnownFileType = sourcecode.c.objc; path = SKMASConstraint.m; sourceTree = "<group>"; };
		0452DD3A291114FC00F0EDF6 /* ViewController+SKMASAdditions.h */ = {isa = PBXFileReference; fileEncoding = 4; lastKnownFileType = sourcecode.c.h; path = "ViewController+SKMASAdditions.h"; sourceTree = "<group>"; };
		0452DD3B291114FC00F0EDF6 /* SKMASViewConstraint.m */ = {isa = PBXFileReference; fileEncoding = 4; lastKnownFileType = sourcecode.c.objc; path = SKMASViewConstraint.m; sourceTree = "<group>"; };
		0452DD3C291114FC00F0EDF6 /* SKMASViewAttribute.m */ = {isa = PBXFileReference; fileEncoding = 4; lastKnownFileType = sourcecode.c.objc; path = SKMASViewAttribute.m; sourceTree = "<group>"; };
		0455EA6F2911092100B980E5 /* SeelKit.framework */ = {isa = PBXFileReference; explicitFileType = wrapper.framework; includeInIndex = 0; path = SeelKit.framework; sourceTree = BUILT_PRODUCTS_DIR; };
		0455EA722911092100B980E5 /* SeelKit.h */ = {isa = PBXFileReference; lastKnownFileType = sourcecode.c.h; path = SeelKit.h; sourceTree = "<group>"; };
		0455EA732911092100B980E5 /* SeelKit.docc */ = {isa = PBXFileReference; lastKnownFileType = folder.documentationcatalog; path = SeelKit.docc; sourceTree = "<group>"; };
		0455EA792911092200B980E5 /* SeelKitTests.xctest */ = {isa = PBXFileReference; explicitFileType = wrapper.cfbundle; includeInIndex = 0; path = SeelKitTests.xctest; sourceTree = BUILT_PRODUCTS_DIR; };
		0455EA7E2911092200B980E5 /* SeelKitTests.m */ = {isa = PBXFileReference; lastKnownFileType = sourcecode.c.objc; path = SeelKitTests.m; sourceTree = "<group>"; };
		0455EA8C2911094E00B980E5 /* SKAutoPurgingImageCache.h */ = {isa = PBXFileReference; fileEncoding = 4; lastKnownFileType = sourcecode.c.h; path = SKAutoPurgingImageCache.h; sourceTree = "<group>"; };
		0455EA8D2911094E00B980E5 /* UIActivityIndicatorView+SKNetworking.m */ = {isa = PBXFileReference; fileEncoding = 4; lastKnownFileType = sourcecode.c.objc; path = "UIActivityIndicatorView+SKNetworking.m"; sourceTree = "<group>"; };
		0455EA8E2911094E00B980E5 /* UIKit+SKNetworking.h */ = {isa = PBXFileReference; fileEncoding = 4; lastKnownFileType = sourcecode.c.h; path = "UIKit+SKNetworking.h"; sourceTree = "<group>"; };
		0455EA8F2911094E00B980E5 /* UIRefreshControl+SKNetworking.h */ = {isa = PBXFileReference; fileEncoding = 4; lastKnownFileType = sourcecode.c.h; path = "UIRefreshControl+SKNetworking.h"; sourceTree = "<group>"; };
		0455EA902911094E00B980E5 /* UIButton+SKNetworking.m */ = {isa = PBXFileReference; fileEncoding = 4; lastKnownFileType = sourcecode.c.objc; path = "UIButton+SKNetworking.m"; sourceTree = "<group>"; };
		0455EA912911094E00B980E5 /* UIImageView+SKNetworking.m */ = {isa = PBXFileReference; fileEncoding = 4; lastKnownFileType = sourcecode.c.objc; path = "UIImageView+SKNetworking.m"; sourceTree = "<group>"; };
		0455EA922911094E00B980E5 /* SKImageDownloader.h */ = {isa = PBXFileReference; fileEncoding = 4; lastKnownFileType = sourcecode.c.h; path = SKImageDownloader.h; sourceTree = "<group>"; };
		0455EA932911094E00B980E5 /* UIProgressView+SKNetworking.h */ = {isa = PBXFileReference; fileEncoding = 4; lastKnownFileType = sourcecode.c.h; path = "UIProgressView+SKNetworking.h"; sourceTree = "<group>"; };
		0455EA942911094E00B980E5 /* WKWebView+SKNetworking.m */ = {isa = PBXFileReference; fileEncoding = 4; lastKnownFileType = sourcecode.c.objc; path = "WKWebView+SKNetworking.m"; sourceTree = "<group>"; };
		0455EA952911094E00B980E5 /* SKNetworkActivityIndicatorManager.h */ = {isa = PBXFileReference; fileEncoding = 4; lastKnownFileType = sourcecode.c.h; path = SKNetworkActivityIndicatorManager.h; sourceTree = "<group>"; };
		0455EA962911094E00B980E5 /* UIActivityIndicatorView+SKNetworking.h */ = {isa = PBXFileReference; fileEncoding = 4; lastKnownFileType = sourcecode.c.h; path = "UIActivityIndicatorView+SKNetworking.h"; sourceTree = "<group>"; };
		0455EA972911094E00B980E5 /* SKAutoPurgingImageCache.m */ = {isa = PBXFileReference; fileEncoding = 4; lastKnownFileType = sourcecode.c.objc; path = SKAutoPurgingImageCache.m; sourceTree = "<group>"; };
		0455EA982911094E00B980E5 /* SKImageDownloader.m */ = {isa = PBXFileReference; fileEncoding = 4; lastKnownFileType = sourcecode.c.objc; path = SKImageDownloader.m; sourceTree = "<group>"; };
		0455EA992911094E00B980E5 /* UIImageView+SKNetworking.h */ = {isa = PBXFileReference; fileEncoding = 4; lastKnownFileType = sourcecode.c.h; path = "UIImageView+SKNetworking.h"; sourceTree = "<group>"; };
		0455EA9A2911094E00B980E5 /* UIButton+SKNetworking.h */ = {isa = PBXFileReference; fileEncoding = 4; lastKnownFileType = sourcecode.c.h; path = "UIButton+SKNetworking.h"; sourceTree = "<group>"; };
		0455EA9B2911094E00B980E5 /* UIRefreshControl+SKNetworking.m */ = {isa = PBXFileReference; fileEncoding = 4; lastKnownFileType = sourcecode.c.objc; path = "UIRefreshControl+SKNetworking.m"; sourceTree = "<group>"; };
		0455EA9C2911094E00B980E5 /* UIProgressView+SKNetworking.m */ = {isa = PBXFileReference; fileEncoding = 4; lastKnownFileType = sourcecode.c.objc; path = "UIProgressView+SKNetworking.m"; sourceTree = "<group>"; };
		0455EA9D2911094E00B980E5 /* WKWebView+SKNetworking.h */ = {isa = PBXFileReference; fileEncoding = 4; lastKnownFileType = sourcecode.c.h; path = "WKWebView+SKNetworking.h"; sourceTree = "<group>"; };
		0455EA9E2911094E00B980E5 /* SKNetworkActivityIndicatorManager.m */ = {isa = PBXFileReference; fileEncoding = 4; lastKnownFileType = sourcecode.c.objc; path = SKNetworkActivityIndicatorManager.m; sourceTree = "<group>"; };
		0455EAA02911094E00B980E5 /* SKNetworkReachabilityManager.m */ = {isa = PBXFileReference; fileEncoding = 4; lastKnownFileType = sourcecode.c.objc; path = SKNetworkReachabilityManager.m; sourceTree = "<group>"; };
		0455EAA12911094E00B980E5 /* SKURLSessionManager.h */ = {isa = PBXFileReference; fileEncoding = 4; lastKnownFileType = sourcecode.c.h; path = SKURLSessionManager.h; sourceTree = "<group>"; };
		0455EAA22911094E00B980E5 /* SKURLRequestSerialization.m */ = {isa = PBXFileReference; fileEncoding = 4; lastKnownFileType = sourcecode.c.objc; path = SKURLRequestSerialization.m; sourceTree = "<group>"; };
		0455EAA32911094E00B980E5 /* SKURLResponseSerialization.h */ = {isa = PBXFileReference; fileEncoding = 4; lastKnownFileType = sourcecode.c.h; path = SKURLResponseSerialization.h; sourceTree = "<group>"; };
		0455EAA42911094E00B980E5 /* SKHTTPSessionManager.h */ = {isa = PBXFileReference; fileEncoding = 4; lastKnownFileType = sourcecode.c.h; path = SKHTTPSessionManager.h; sourceTree = "<group>"; };
		0455EAA52911094E00B980E5 /* SKNetworking.h */ = {isa = PBXFileReference; fileEncoding = 4; lastKnownFileType = sourcecode.c.h; path = SKNetworking.h; sourceTree = "<group>"; };
		0455EAA62911094E00B980E5 /* SKSecurityPolicy.h */ = {isa = PBXFileReference; fileEncoding = 4; lastKnownFileType = sourcecode.c.h; path = SKSecurityPolicy.h; sourceTree = "<group>"; };
		0455EAA72911094E00B980E5 /* SKURLResponseSerialization.m */ = {isa = PBXFileReference; fileEncoding = 4; lastKnownFileType = sourcecode.c.objc; path = SKURLResponseSerialization.m; sourceTree = "<group>"; };
		0455EAA82911094E00B980E5 /* SKURLRequestSerialization.h */ = {isa = PBXFileReference; fileEncoding = 4; lastKnownFileType = sourcecode.c.h; path = SKURLRequestSerialization.h; sourceTree = "<group>"; };
		0455EAA92911094E00B980E5 /* SKURLSessionManager.m */ = {isa = PBXFileReference; fileEncoding = 4; lastKnownFileType = sourcecode.c.objc; path = SKURLSessionManager.m; sourceTree = "<group>"; };
		0455EAAA2911094E00B980E5 /* SKNetworkReachabilityManager.h */ = {isa = PBXFileReference; fileEncoding = 4; lastKnownFileType = sourcecode.c.h; path = SKNetworkReachabilityManager.h; sourceTree = "<group>"; };
		0455EAAB2911094E00B980E5 /* SKCompatibilityMacros.h */ = {isa = PBXFileReference; fileEncoding = 4; lastKnownFileType = sourcecode.c.h; path = SKCompatibilityMacros.h; sourceTree = "<group>"; };
		0455EAAC2911094E00B980E5 /* SKHTTPSessionManager.m */ = {isa = PBXFileReference; fileEncoding = 4; lastKnownFileType = sourcecode.c.objc; path = SKHTTPSessionManager.m; sourceTree = "<group>"; };
		0455EAAD2911094E00B980E5 /* SKSecurityPolicy.m */ = {isa = PBXFileReference; fileEncoding = 4; lastKnownFileType = sourcecode.c.objc; path = SKSecurityPolicy.m; sourceTree = "<group>"; };
		0455EAAF2911094E00B980E5 /* SKClassInfo.m */ = {isa = PBXFileReference; fileEncoding = 4; lastKnownFileType = sourcecode.c.objc; path = SKClassInfo.m; sourceTree = "<group>"; };
		0455EAB02911094E00B980E5 /* SKModel.h */ = {isa = PBXFileReference; fileEncoding = 4; lastKnownFileType = sourcecode.c.h; path = SKModel.h; sourceTree = "<group>"; };
		0455EAB12911094E00B980E5 /* NSObject+SKModel.m */ = {isa = PBXFileReference; fileEncoding = 4; lastKnownFileType = sourcecode.c.objc; path = "NSObject+SKModel.m"; sourceTree = "<group>"; };
		0455EAB22911094E00B980E5 /* SKClassInfo.h */ = {isa = PBXFileReference; fileEncoding = 4; lastKnownFileType = sourcecode.c.h; path = SKClassInfo.h; sourceTree = "<group>"; };
		0455EAB32911094E00B980E5 /* NSObject+SKModel.h */ = {isa = PBXFileReference; fileEncoding = 4; lastKnownFileType = sourcecode.c.h; path = "NSObject+SKModel.h"; sourceTree = "<group>"; };
		0455EAB52911094E00B980E5 /* SKBaseModel.h */ = {isa = PBXFileReference; fileEncoding = 4; lastKnownFileType = sourcecode.c.h; path = SKBaseModel.h; sourceTree = "<group>"; };
		0455EAB62911094E00B980E5 /* SKRequest.m */ = {isa = PBXFileReference; fileEncoding = 4; lastKnownFileType = sourcecode.c.objc; path = SKRequest.m; sourceTree = "<group>"; };
		0455EAB72911094E00B980E5 /* SKController.h */ = {isa = PBXFileReference; fileEncoding = 4; lastKnownFileType = sourcecode.c.h; path = SKController.h; sourceTree = "<group>"; };
		0455EAB82911094E00B980E5 /* NSObject+SKMessage.m */ = {isa = PBXFileReference; fileEncoding = 4; lastKnownFileType = sourcecode.c.objc; path = "NSObject+SKMessage.m"; sourceTree = "<group>"; };
		0455EAB92911094E00B980E5 /* SKMessage.h */ = {isa = PBXFileReference; fileEncoding = 4; lastKnownFileType = sourcecode.c.h; path = SKMessage.h; sourceTree = "<group>"; };
		0455EABA2911094E00B980E5 /* SKIPAgent.h */ = {isa = PBXFileReference; fileEncoding = 4; lastKnownFileType = sourcecode.c.h; path = SKIPAgent.h; sourceTree = "<group>"; };
		0455EABB2911094E00B980E5 /* SKBaseModel.m */ = {isa = PBXFileReference; fileEncoding = 4; lastKnownFileType = sourcecode.c.objc; path = SKBaseModel.m; sourceTree = "<group>"; };
		0455EABC2911094E00B980E5 /* SKController.m */ = {isa = PBXFileReference; fileEncoding = 4; lastKnownFileType = sourcecode.c.objc; path = SKController.m; sourceTree = "<group>"; };
		0455EABD2911094E00B980E5 /* SKRequest.h */ = {isa = PBXFileReference; fileEncoding = 4; lastKnownFileType = sourcecode.c.h; path = SKRequest.h; sourceTree = "<group>"; };
		0455EABE2911094E00B980E5 /* NSObject+SKMessage.h */ = {isa = PBXFileReference; fileEncoding = 4; lastKnownFileType = sourcecode.c.h; path = "NSObject+SKMessage.h"; sourceTree = "<group>"; };
		0455EABF2911094E00B980E5 /* SKMessage.m */ = {isa = PBXFileReference; fileEncoding = 4; lastKnownFileType = sourcecode.c.objc; path = SKMessage.m; sourceTree = "<group>"; };
		0455EAC02911094E00B980E5 /* SKIPAgent.m */ = {isa = PBXFileReference; fileEncoding = 4; lastKnownFileType = sourcecode.c.objc; path = SKIPAgent.m; sourceTree = "<group>"; };
		0455EAC22911094E00B980E5 /* SKRequestController.m */ = {isa = PBXFileReference; fileEncoding = 4; lastKnownFileType = sourcecode.c.objc; path = SKRequestController.m; sourceTree = "<group>"; };
		0455EAC32911094E00B980E5 /* SKRequestController.h */ = {isa = PBXFileReference; fileEncoding = 4; lastKnownFileType = sourcecode.c.h; path = SKRequestController.h; sourceTree = "<group>"; };
		0455EAC52911094E00B980E5 /* SKAuthManager.h */ = {isa = PBXFileReference; fileEncoding = 4; lastKnownFileType = sourcecode.c.h; path = SKAuthManager.h; sourceTree = "<group>"; };
		0455EAC62911094E00B980E5 /* SKManager.h */ = {isa = PBXFileReference; fileEncoding = 4; lastKnownFileType = sourcecode.c.h; path = SKManager.h; sourceTree = "<group>"; };
		0455EAC72911094E00B980E5 /* SKAuthManager.m */ = {isa = PBXFileReference; fileEncoding = 4; lastKnownFileType = sourcecode.c.objc; path = SKAuthManager.m; sourceTree = "<group>"; };
		0455EAC82911094E00B980E5 /* SKManager.m */ = {isa = PBXFileReference; fileEncoding = 4; lastKnownFileType = sourcecode.c.objc; path = SKManager.m; sourceTree = "<group>"; };
		0455EACA2911094E00B980E5 /* SeelView.h */ = {isa = PBXFileReference; fileEncoding = 4; lastKnownFileType = sourcecode.c.h; path = SeelView.h; sourceTree = "<group>"; };
		0455EACB2911094E00B980E5 /* SeelView.m */ = {isa = PBXFileReference; fileEncoding = 4; lastKnownFileType = sourcecode.c.objc; path = SeelView.m; sourceTree = "<group>"; };
		0455EB0C29110AE100B980E5 /* NSString+WYAttributeStringTools.h */ = {isa = PBXFileReference; fileEncoding = 4; lastKnownFileType = sourcecode.c.h; path = "NSString+WYAttributeStringTools.h"; sourceTree = "<group>"; };
		0455EB0D29110AE100B980E5 /* UIColor+Category.h */ = {isa = PBXFileReference; fileEncoding = 4; lastKnownFileType = sourcecode.c.h; path = "UIColor+Category.h"; sourceTree = "<group>"; };
		0455EB0E29110AE100B980E5 /* UIView+BlocksKit.m */ = {isa = PBXFileReference; fileEncoding = 4; lastKnownFileType = sourcecode.c.objc; path = "UIView+BlocksKit.m"; sourceTree = "<group>"; };
		0455EB0F29110AE100B980E5 /* UIView+ZXExtension.h */ = {isa = PBXFileReference; fileEncoding = 4; lastKnownFileType = sourcecode.c.h; path = "UIView+ZXExtension.h"; sourceTree = "<group>"; };
		0455EB1029110AE100B980E5 /* UIGestureRecognizer+BlocksKit.m */ = {isa = PBXFileReference; fileEncoding = 4; lastKnownFileType = sourcecode.c.objc; path = "UIGestureRecognizer+BlocksKit.m"; sourceTree = "<group>"; };
		0455EB1129110AE100B980E5 /* NSString+WYAttributeStringTools.m */ = {isa = PBXFileReference; fileEncoding = 4; lastKnownFileType = sourcecode.c.objc; path = "NSString+WYAttributeStringTools.m"; sourceTree = "<group>"; };
		0455EB1229110AE100B980E5 /* UIView+BlocksKit.h */ = {isa = PBXFileReference; fileEncoding = 4; lastKnownFileType = sourcecode.c.h; path = "UIView+BlocksKit.h"; sourceTree = "<group>"; };
		0455EB1329110AE100B980E5 /* UIView+ZXExtension.m */ = {isa = PBXFileReference; fileEncoding = 4; lastKnownFileType = sourcecode.c.objc; path = "UIView+ZXExtension.m"; sourceTree = "<group>"; };
		0455EB1429110AE100B980E5 /* UIColor+Category.m */ = {isa = PBXFileReference; fileEncoding = 4; lastKnownFileType = sourcecode.c.objc; path = "UIColor+Category.m"; sourceTree = "<group>"; };
		0455EB1529110AE100B980E5 /* UIGestureRecognizer+BlocksKit.h */ = {isa = PBXFileReference; fileEncoding = 4; lastKnownFileType = sourcecode.c.h; path = "UIGestureRecognizer+BlocksKit.h"; sourceTree = "<group>"; };
/* End PBXFileReference section */

/* Begin PBXFrameworksBuildPhase section */
		0455EA6C2911092100B980E5 /* Frameworks */ = {
			isa = PBXFrameworksBuildPhase;
			buildActionMask = 2147483647;
			files = (
			);
			runOnlyForDeploymentPostprocessing = 0;
		};
		0455EA762911092200B980E5 /* Frameworks */ = {
			isa = PBXFrameworksBuildPhase;
			buildActionMask = 2147483647;
			files = (
				0455EA7A2911092200B980E5 /* SeelKit.framework in Frameworks */,
			);
			runOnlyForDeploymentPostprocessing = 0;
		};
/* End PBXFrameworksBuildPhase section */

/* Begin PBXGroup section */
		0452DD23291114FC00F0EDF6 /* SKMasonry */ = {
			isa = PBXGroup;
			children = (
				0452DD24291114FC00F0EDF6 /* SKMASCompositeConstraint.h */,
				0452DD25291114FC00F0EDF6 /* NSLayoutConstraint+SKMASDebugAdditions.m */,
				0452DD26291114FC00F0EDF6 /* SKMASConstraint+Private.h */,
				0452DD27291114FC00F0EDF6 /* SKMASLayoutConstraint.h */,
				0452DD28291114FC00F0EDF6 /* NSArray+SKMASShorthandAdditions.h */,
				0452DD29291114FC00F0EDF6 /* SKMASConstraintMaker.h */,
				0452DD2A291114FC00F0EDF6 /* View+SKMASAdditions.h */,
				0452DD2B291114FC00F0EDF6 /* NSArray+SKMASAdditions.h */,
				0452DD2C291114FC00F0EDF6 /* SKMASUtilities.h */,
				0452DD2D291114FC00F0EDF6 /* SKMASViewAttribute.h */,
				0452DD2E291114FC00F0EDF6 /* ViewController+SKMASAdditions.m */,
				0452DD2F291114FC00F0EDF6 /* SKMASViewConstraint.h */,
				0452DD30291114FC00F0EDF6 /* SKMASConstraint.h */,
				0452DD31291114FC00F0EDF6 /* NSLayoutConstraint+SKMASDebugAdditions.h */,
				0452DD32291114FC00F0EDF6 /* SKMASCompositeConstraint.m */,
				0452DD33291114FC00F0EDF6 /* SKMASConstraintMaker.m */,
				0452DD34291114FC00F0EDF6 /* SKMASLayoutConstraint.m */,
				0452DD35291114FC00F0EDF6 /* NSArray+SKMASAdditions.m */,
				0452DD36291114FC00F0EDF6 /* View+SKMASAdditions.m */,
				0452DD37291114FC00F0EDF6 /* View+SKMASShorthandAdditions.h */,
				0452DD38291114FC00F0EDF6 /* SKMasonry.h */,
				0452DD39291114FC00F0EDF6 /* SKMASConstraint.m */,
				0452DD3A291114FC00F0EDF6 /* ViewController+SKMASAdditions.h */,
				0452DD3B291114FC00F0EDF6 /* SKMASViewConstraint.m */,
				0452DD3C291114FC00F0EDF6 /* SKMASViewAttribute.m */,
			);
			path = SKMasonry;
			sourceTree = "<group>";
		};
		0455EA652911092100B980E5 = {
			isa = PBXGroup;
			children = (
				0455EA712911092100B980E5 /* SeelKit */,
				0455EA7D2911092200B980E5 /* SeelKitTests */,
				0455EA702911092100B980E5 /* Products */,
			);
			sourceTree = "<group>";
		};
		0455EA702911092100B980E5 /* Products */ = {
			isa = PBXGroup;
			children = (
				0455EA6F2911092100B980E5 /* SeelKit.framework */,
				0455EA792911092200B980E5 /* SeelKitTests.xctest */,
			);
			name = Products;
			sourceTree = "<group>";
		};
		0455EA712911092100B980E5 /* SeelKit */ = {
			isa = PBXGroup;
			children = (
				0455EA892911094E00B980E5 /* SeelKit */,
				0455EA722911092100B980E5 /* SeelKit.h */,
				0455EA732911092100B980E5 /* SeelKit.docc */,
			);
			path = SeelKit;
			sourceTree = "<group>";
		};
		0455EA7D2911092200B980E5 /* SeelKitTests */ = {
			isa = PBXGroup;
			children = (
				0455EA7E2911092200B980E5 /* SeelKitTests.m */,
			);
			path = SeelKitTests;
			sourceTree = "<group>";
		};
		0455EA892911094E00B980E5 /* SeelKit */ = {
			isa = PBXGroup;
			children = (
				0452DD23291114FC00F0EDF6 /* SKMasonry */,
				0455EB0B29110AE100B980E5 /* Catagory */,
				0455EA8A2911094E00B980E5 /* SKNetworking */,
				0455EAAE2911094E00B980E5 /* SKModel */,
				0455EAB42911094E00B980E5 /* SKHttp */,
				0455EAC12911094E00B980E5 /* Controller */,
				0455EAC42911094E00B980E5 /* Manager */,
				0455EAC92911094E00B980E5 /* Views */,
			);
			path = SeelKit;
			sourceTree = "<group>";
		};
		0455EA8A2911094E00B980E5 /* SKNetworking */ = {
			isa = PBXGroup;
			children = (
				0455EA8B2911094E00B980E5 /* UIKit+SKNetworking */,
				0455EA9F2911094E00B980E5 /* SKNetworking */,
			);
			path = SKNetworking;
			sourceTree = "<group>";
		};
		0455EA8B2911094E00B980E5 /* UIKit+SKNetworking */ = {
			isa = PBXGroup;
			children = (
				0455EA8C2911094E00B980E5 /* SKAutoPurgingImageCache.h */,
				0455EA8D2911094E00B980E5 /* UIActivityIndicatorView+SKNetworking.m */,
				0455EA8E2911094E00B980E5 /* UIKit+SKNetworking.h */,
				0455EA8F2911094E00B980E5 /* UIRefreshControl+SKNetworking.h */,
				0455EA902911094E00B980E5 /* UIButton+SKNetworking.m */,
				0455EA912911094E00B980E5 /* UIImageView+SKNetworking.m */,
				0455EA922911094E00B980E5 /* SKImageDownloader.h */,
				0455EA932911094E00B980E5 /* UIProgressView+SKNetworking.h */,
				0455EA942911094E00B980E5 /* WKWebView+SKNetworking.m */,
				0455EA952911094E00B980E5 /* SKNetworkActivityIndicatorManager.h */,
				0455EA962911094E00B980E5 /* UIActivityIndicatorView+SKNetworking.h */,
				0455EA972911094E00B980E5 /* SKAutoPurgingImageCache.m */,
				0455EA982911094E00B980E5 /* SKImageDownloader.m */,
				0455EA992911094E00B980E5 /* UIImageView+SKNetworking.h */,
				0455EA9A2911094E00B980E5 /* UIButton+SKNetworking.h */,
				0455EA9B2911094E00B980E5 /* UIRefreshControl+SKNetworking.m */,
				0455EA9C2911094E00B980E5 /* UIProgressView+SKNetworking.m */,
				0455EA9D2911094E00B980E5 /* WKWebView+SKNetworking.h */,
				0455EA9E2911094E00B980E5 /* SKNetworkActivityIndicatorManager.m */,
			);
			path = "UIKit+SKNetworking";
			sourceTree = "<group>";
		};
		0455EA9F2911094E00B980E5 /* SKNetworking */ = {
			isa = PBXGroup;
			children = (
				0455EAA02911094E00B980E5 /* SKNetworkReachabilityManager.m */,
				0455EAA12911094E00B980E5 /* SKURLSessionManager.h */,
				0455EAA22911094E00B980E5 /* SKURLRequestSerialization.m */,
				0455EAA32911094E00B980E5 /* SKURLResponseSerialization.h */,
				0455EAA42911094E00B980E5 /* SKHTTPSessionManager.h */,
				0455EAA52911094E00B980E5 /* SKNetworking.h */,
				0455EAA62911094E00B980E5 /* SKSecurityPolicy.h */,
				0455EAA72911094E00B980E5 /* SKURLResponseSerialization.m */,
				0455EAA82911094E00B980E5 /* SKURLRequestSerialization.h */,
				0455EAA92911094E00B980E5 /* SKURLSessionManager.m */,
				0455EAAA2911094E00B980E5 /* SKNetworkReachabilityManager.h */,
				0455EAAB2911094E00B980E5 /* SKCompatibilityMacros.h */,
				0455EAAC2911094E00B980E5 /* SKHTTPSessionManager.m */,
				0455EAAD2911094E00B980E5 /* SKSecurityPolicy.m */,
			);
			path = SKNetworking;
			sourceTree = "<group>";
		};
		0455EAAE2911094E00B980E5 /* SKModel */ = {
			isa = PBXGroup;
			children = (
				0455EAB02911094E00B980E5 /* SKModel.h */,
				0455EAB22911094E00B980E5 /* SKClassInfo.h */,
				0455EAAF2911094E00B980E5 /* SKClassInfo.m */,
				0455EAB32911094E00B980E5 /* NSObject+SKModel.h */,
				0455EAB12911094E00B980E5 /* NSObject+SKModel.m */,
			);
			path = SKModel;
			sourceTree = "<group>";
		};
		0455EAB42911094E00B980E5 /* SKHttp */ = {
			isa = PBXGroup;
			children = (
				0455EAB52911094E00B980E5 /* SKBaseModel.h */,
				0455EABB2911094E00B980E5 /* SKBaseModel.m */,
				0455EAB72911094E00B980E5 /* SKController.h */,
				0455EABC2911094E00B980E5 /* SKController.m */,
				0455EABD2911094E00B980E5 /* SKRequest.h */,
				0455EAB62911094E00B980E5 /* SKRequest.m */,
				0455EABE2911094E00B980E5 /* NSObject+SKMessage.h */,
				0455EAB82911094E00B980E5 /* NSObject+SKMessage.m */,
				0455EAB92911094E00B980E5 /* SKMessage.h */,
				0455EABF2911094E00B980E5 /* SKMessage.m */,
				0455EABA2911094E00B980E5 /* SKIPAgent.h */,
				0455EAC02911094E00B980E5 /* SKIPAgent.m */,
			);
			path = SKHttp;
			sourceTree = "<group>";
		};
		0455EAC12911094E00B980E5 /* Controller */ = {
			isa = PBXGroup;
			children = (
				0455EAC32911094E00B980E5 /* SKRequestController.h */,
				0455EAC22911094E00B980E5 /* SKRequestController.m */,
			);
			path = Controller;
			sourceTree = "<group>";
		};
		0455EAC42911094E00B980E5 /* Manager */ = {
			isa = PBXGroup;
			children = (
				0455EAC52911094E00B980E5 /* SKAuthManager.h */,
				0455EAC72911094E00B980E5 /* SKAuthManager.m */,
				0455EAC62911094E00B980E5 /* SKManager.h */,
				0455EAC82911094E00B980E5 /* SKManager.m */,
			);
			path = Manager;
			sourceTree = "<group>";
		};
		0455EAC92911094E00B980E5 /* Views */ = {
			isa = PBXGroup;
			children = (
				0455EACA2911094E00B980E5 /* SeelView.h */,
				0455EACB2911094E00B980E5 /* SeelView.m */,
			);
			path = Views;
			sourceTree = "<group>";
		};
		0455EB0B29110AE100B980E5 /* Catagory */ = {
			isa = PBXGroup;
			children = (
				0455EB0C29110AE100B980E5 /* NSString+WYAttributeStringTools.h */,
				0455EB1129110AE100B980E5 /* NSString+WYAttributeStringTools.m */,
				0455EB0D29110AE100B980E5 /* UIColor+Category.h */,
				0455EB1429110AE100B980E5 /* UIColor+Category.m */,
				0455EB1229110AE100B980E5 /* UIView+BlocksKit.h */,
				0455EB0E29110AE100B980E5 /* UIView+BlocksKit.m */,
				0455EB0F29110AE100B980E5 /* UIView+ZXExtension.h */,
				0455EB1329110AE100B980E5 /* UIView+ZXExtension.m */,
				0455EB1529110AE100B980E5 /* UIGestureRecognizer+BlocksKit.h */,
				0455EB1029110AE100B980E5 /* UIGestureRecognizer+BlocksKit.m */,
			);
			path = Catagory;
			sourceTree = "<group>";
		};
/* End PBXGroup section */

/* Begin PBXHeadersBuildPhase section */
		0455EA6A2911092100B980E5 /* Headers */ = {
			isa = PBXHeadersBuildPhase;
			buildActionMask = 2147483647;
			files = (
				0455EAFB2911094F00B980E5 /* NSObject+SKMessage.h in Headers */,
				0455EAE92911094E00B980E5 /* SKNetworkReachabilityManager.h in Headers */,
				0455EAF72911094F00B980E5 /* SKIPAgent.h in Headers */,
				0452DD3D291114FC00F0EDF6 /* SKMASCompositeConstraint.h in Headers */,
				0452DD46291114FC00F0EDF6 /* SKMASViewAttribute.h in Headers */,
				0455EAD62911094E00B980E5 /* UIActivityIndicatorView+SKNetworking.h in Headers */,
				0455EB042911094F00B980E5 /* SeelView.h in Headers */,
				0455EB1629110AE100B980E5 /* NSString+WYAttributeStringTools.h in Headers */,
				0452DD40291114FC00F0EDF6 /* SKMASLayoutConstraint.h in Headers */,
				0455EAE32911094E00B980E5 /* SKHTTPSessionManager.h in Headers */,
				0455EAD32911094E00B980E5 /* UIProgressView+SKNetworking.h in Headers */,
				0452DD49291114FC00F0EDF6 /* SKMASConstraint.h in Headers */,
				0452DD42291114FC00F0EDF6 /* SKMASConstraintMaker.h in Headers */,
				0452DD50291114FC00F0EDF6 /* View+SKMASShorthandAdditions.h in Headers */,
				0455EB1729110AE100B980E5 /* UIColor+Category.h in Headers */,
				0455EACF2911094E00B980E5 /* UIRefreshControl+SKNetworking.h in Headers */,
				0455EB1C29110AE100B980E5 /* UIView+BlocksKit.h in Headers */,
				0455EA802911092200B980E5 /* SeelKit.h in Headers */,
				0455EACC2911094E00B980E5 /* SKAutoPurgingImageCache.h in Headers */,
				0455EAD22911094E00B980E5 /* SKImageDownloader.h in Headers */,
				0455EAEA2911094E00B980E5 /* SKCompatibilityMacros.h in Headers */,
				0452DD4A291114FC00F0EDF6 /* NSLayoutConstraint+SKMASDebugAdditions.h in Headers */,
				0455EACE2911094E00B980E5 /* UIKit+SKNetworking.h in Headers */,
				0455EB1F29110AE100B980E5 /* UIGestureRecognizer+BlocksKit.h in Headers */,
				0452DD43291114FC00F0EDF6 /* View+SKMASAdditions.h in Headers */,
				0452DD53291114FC00F0EDF6 /* ViewController+SKMASAdditions.h in Headers */,
				0455EAE22911094E00B980E5 /* SKURLResponseSerialization.h in Headers */,
				0455EAE02911094E00B980E5 /* SKURLSessionManager.h in Headers */,
				0455EAF02911094F00B980E5 /* SKClassInfo.h in Headers */,
				0455EAD52911094E00B980E5 /* SKNetworkActivityIndicatorManager.h in Headers */,
				0455EAE72911094E00B980E5 /* SKURLRequestSerialization.h in Headers */,
				0452DD41291114FC00F0EDF6 /* NSArray+SKMASShorthandAdditions.h in Headers */,
				0455EAE42911094E00B980E5 /* SKNetworking.h in Headers */,
				0452DD3F291114FC00F0EDF6 /* SKMASConstraint+Private.h in Headers */,
				0455EAFF2911094F00B980E5 /* SKRequestController.h in Headers */,
				0455EADD2911094E00B980E5 /* WKWebView+SKNetworking.h in Headers */,
				0455EB012911094F00B980E5 /* SKManager.h in Headers */,
				0455EADA2911094E00B980E5 /* UIButton+SKNetworking.h in Headers */,
				0455EAFA2911094F00B980E5 /* SKRequest.h in Headers */,
				0452DD45291114FC00F0EDF6 /* SKMASUtilities.h in Headers */,
				0455EB1929110AE100B980E5 /* UIView+ZXExtension.h in Headers */,
				0452DD51291114FC00F0EDF6 /* SKMasonry.h in Headers */,
				0452DD44291114FC00F0EDF6 /* NSArray+SKMASAdditions.h in Headers */,
				0455EAF22911094F00B980E5 /* SKBaseModel.h in Headers */,
				0455EAF12911094F00B980E5 /* NSObject+SKModel.h in Headers */,
				0455EAE52911094E00B980E5 /* SKSecurityPolicy.h in Headers */,
				0455EAEE2911094E00B980E5 /* SKModel.h in Headers */,
				0452DD48291114FC00F0EDF6 /* SKMASViewConstraint.h in Headers */,
				0455EAF42911094F00B980E5 /* SKController.h in Headers */,
				0455EAD92911094E00B980E5 /* UIImageView+SKNetworking.h in Headers */,
				0455EB002911094F00B980E5 /* SKAuthManager.h in Headers */,
				0455EAF62911094F00B980E5 /* SKMessage.h in Headers */,
			);
			runOnlyForDeploymentPostprocessing = 0;
		};
/* End PBXHeadersBuildPhase section */

/* Begin PBXNativeTarget section */
		0455EA6E2911092100B980E5 /* SeelKit */ = {
			isa = PBXNativeTarget;
			buildConfigurationList = 0455EA832911092200B980E5 /* Build configuration list for PBXNativeTarget "SeelKit" */;
			buildPhases = (
				0455EA6A2911092100B980E5 /* Headers */,
				0455EA6B2911092100B980E5 /* Sources */,
				0455EA6C2911092100B980E5 /* Frameworks */,
				0455EA6D2911092100B980E5 /* Resources */,
			);
			buildRules = (
			);
			dependencies = (
			);
			name = SeelKit;
			productName = SeelKit;
			productReference = 0455EA6F2911092100B980E5 /* SeelKit.framework */;
			productType = "com.apple.product-type.framework";
		};
		0455EA782911092200B980E5 /* SeelKitTests */ = {
			isa = PBXNativeTarget;
			buildConfigurationList = 0455EA862911092200B980E5 /* Build configuration list for PBXNativeTarget "SeelKitTests" */;
			buildPhases = (
				0455EA752911092200B980E5 /* Sources */,
				0455EA762911092200B980E5 /* Frameworks */,
				0455EA772911092200B980E5 /* Resources */,
			);
			buildRules = (
			);
			dependencies = (
				0455EA7C2911092200B980E5 /* PBXTargetDependency */,
			);
			name = SeelKitTests;
			productName = SeelKitTests;
			productReference = 0455EA792911092200B980E5 /* SeelKitTests.xctest */;
			productType = "com.apple.product-type.bundle.unit-test";
		};
/* End PBXNativeTarget section */

/* Begin PBXProject section */
		0455EA662911092100B980E5 /* Project object */ = {
			isa = PBXProject;
			attributes = {
				BuildIndependentTargetsInParallel = 1;
				LastUpgradeCheck = 1330;
				TargetAttributes = {
					0455EA6E2911092100B980E5 = {
						CreatedOnToolsVersion = 13.3.1;
						LastSwiftMigration = 1330;
					};
					0455EA782911092200B980E5 = {
						CreatedOnToolsVersion = 13.3.1;
					};
					0455EB06291109F100B980E5 = {
						CreatedOnToolsVersion = 13.3.1;
					};
				};
			};
			buildConfigurationList = 0455EA692911092100B980E5 /* Build configuration list for PBXProject "SeelKit" */;
			compatibilityVersion = "Xcode 13.0";
			developmentRegion = en;
			hasScannedForEncodings = 0;
			knownRegions = (
				en,
				Base,
			);
			mainGroup = 0455EA652911092100B980E5;
			productRefGroup = 0455EA702911092100B980E5 /* Products */;
			projectDirPath = "";
			projectRoot = "";
			targets = (
				0455EA6E2911092100B980E5 /* SeelKit */,
				0455EA782911092200B980E5 /* SeelKitTests */,
				0455EB06291109F100B980E5 /* SeelKitDelagate */,
			);
		};
/* End PBXProject section */

/* Begin PBXResourcesBuildPhase section */
		0455EA6D2911092100B980E5 /* Resources */ = {
			isa = PBXResourcesBuildPhase;
			buildActionMask = 2147483647;
			files = (
			);
			runOnlyForDeploymentPostprocessing = 0;
		};
		0455EA772911092200B980E5 /* Resources */ = {
			isa = PBXResourcesBuildPhase;
			buildActionMask = 2147483647;
			files = (
			);
			runOnlyForDeploymentPostprocessing = 0;
		};
/* End PBXResourcesBuildPhase section */

/* Begin PBXShellScriptBuildPhase section */
		0455EB0A29110A0900B980E5 /* ShellScript */ = {
			isa = PBXShellScriptBuildPhase;
			buildActionMask = 2147483647;
			files = (
			);
			inputFileListPaths = (
			);
			inputPaths = (
			);
			outputFileListPaths = (
			);
			outputPaths = (
			);
			runOnlyForDeploymentPostprocessing = 0;
			shellPath = /bin/sh;
			shellScript = "# Type a script or drag a script file from your workspace to insert its path.\n#!/bin/sh\n#要build的target名\nTARGET_NAME=${PROJECT_NAME}\nif [[ $1 ]]\nthen\nTARGET_NAME=$1\nfi\nUNIVERSAL_OUTPUT_FOLDER=\"${SRCROOT}/Products\"\n \n#创建输出目录，并删除之前的framework文件\nmkdir -p \"${UNIVERSAL_OUTPUT_FOLDER}\"\nrm -rf \"${UNIVERSAL_OUTPUT_FOLDER}/${TARGET_NAME}.framework\"\n \n#分别编译模拟器和真机的Framework\nxcodebuild -target \"${TARGET_NAME}\" ONLY_ACTIVE_ARCH=NO -configuration ${CONFIGURATION} -sdk iphoneos BUILD_DIR=\"${BUILD_DIR}\" BUILD_ROOT=\"${BUILD_ROOT}\" clean build\nxcodebuild -target \"${TARGET_NAME}\" ONLY_ACTIVE_ARCH=NO -configuration ${CONFIGURATION} -sdk iphonesimulator BUILD_DIR=\"${BUILD_DIR}\" BUILD_ROOT=\"${BUILD_ROOT}\" clean build\n \n#拷贝framework到univer目录\ncp -R \"${BUILD_DIR}/${CONFIGURATION}-iphonesimulator/${TARGET_NAME}.framework\" \"${UNIVERSAL_OUTPUT_FOLDER}\"\n \n#合并framework，输出最终的framework到build目录\nlipo -create -output \"${UNIVERSAL_OUTPUT_FOLDER}/${TARGET_NAME}.framework/${TARGET_NAME}\" \"${BUILD_DIR}/${CONFIGURATION}-iphonesimulator/${TARGET_NAME}.framework/${TARGET_NAME}\" \"${BUILD_DIR}/${CONFIGURATION}-iphoneos/${TARGET_NAME}.framework/${TARGET_NAME}\"\n \n#删除编译之后生成的无关的配置文件\ndir_path=\"${UNIVERSAL_OUTPUT_FOLDER}/${TARGET_NAME}.framework/\"\nfor file in ls $dir_path\ndo\nif [[ ${file} =~ \".xcconfig\" ]]\nthen\nrm -f \"${dir_path}/${file}\"\nfi\ndone\n#判断build文件夹是否存在，存在则删除\nif [ -d \"${SRCROOT}/build\" ]\nthen\nrm -rf \"${SRCROOT}/build\"\nfi\nrm -rf \"${BUILD_DIR}/${CONFIGURATION}-iphonesimulator\" \"${BUILD_DIR}/${CONFIGURATION}-iphoneos\"\n#打开合并后的文件夹\nopen \"${UNIVERSAL_OUTPUT_FOLDER}\"\n\n\n";
		};
/* End PBXShellScriptBuildPhase section */

/* Begin PBXSourcesBuildPhase section */
		0455EA6B2911092100B980E5 /* Sources */ = {
			isa = PBXSourcesBuildPhase;
			buildActionMask = 2147483647;
			files = (
				0455EB1A29110AE100B980E5 /* UIGestureRecognizer+BlocksKit.m in Sources */,
				0455EAE82911094E00B980E5 /* SKURLSessionManager.m in Sources */,
				0452DD4E291114FC00F0EDF6 /* NSArray+SKMASAdditions.m in Sources */,
				0455EB1D29110AE100B980E5 /* UIView+ZXExtension.m in Sources */,
				0455EB022911094F00B980E5 /* SKAuthManager.m in Sources */,
				0452DD4B291114FC00F0EDF6 /* SKMASCompositeConstraint.m in Sources */,
				0455EAD02911094E00B980E5 /* UIButton+SKNetworking.m in Sources */,
				0455EAE62911094E00B980E5 /* SKURLResponseSerialization.m in Sources */,
				0455EAFE2911094F00B980E5 /* SKRequestController.m in Sources */,
				0455EB052911094F00B980E5 /* SeelView.m in Sources */,
				0455EAEC2911094E00B980E5 /* SKSecurityPolicy.m in Sources */,
				0455EAED2911094E00B980E5 /* SKClassInfo.m in Sources */,
				0455EAF82911094F00B980E5 /* SKBaseModel.m in Sources */,
				0452DD47291114FC00F0EDF6 /* ViewController+SKMASAdditions.m in Sources */,
				0455EAF52911094F00B980E5 /* NSObject+SKMessage.m in Sources */,
				0455EADB2911094E00B980E5 /* UIRefreshControl+SKNetworking.m in Sources */,
				0452DD3E291114FC00F0EDF6 /* NSLayoutConstraint+SKMASDebugAdditions.m in Sources */,
				0455EAD82911094E00B980E5 /* SKImageDownloader.m in Sources */,
				0455EAEF2911094E00B980E5 /* NSObject+SKModel.m in Sources */,
				0455EB1829110AE100B980E5 /* UIView+BlocksKit.m in Sources */,
				0455EAEB2911094E00B980E5 /* SKHTTPSessionManager.m in Sources */,
				0452DD55291114FC00F0EDF6 /* SKMASViewAttribute.m in Sources */,
				0455EA742911092100B980E5 /* SeelKit.docc in Sources */,
				0455EAFD2911094F00B980E5 /* SKIPAgent.m in Sources */,
				0455EAD12911094E00B980E5 /* UIImageView+SKNetworking.m in Sources */,
				0452DD52291114FC00F0EDF6 /* SKMASConstraint.m in Sources */,
				0455EADF2911094E00B980E5 /* SKNetworkReachabilityManager.m in Sources */,
				0452DD4D291114FC00F0EDF6 /* SKMASLayoutConstraint.m in Sources */,
				0455EAF32911094F00B980E5 /* SKRequest.m in Sources */,
				0455EACD2911094E00B980E5 /* UIActivityIndicatorView+SKNetworking.m in Sources */,
				0452DD4F291114FC00F0EDF6 /* View+SKMASAdditions.m in Sources */,
				0455EADC2911094E00B980E5 /* UIProgressView+SKNetworking.m in Sources */,
				0452DD4C291114FC00F0EDF6 /* SKMASConstraintMaker.m in Sources */,
				0455EADE2911094E00B980E5 /* SKNetworkActivityIndicatorManager.m in Sources */,
				0455EAD72911094E00B980E5 /* SKAutoPurgingImageCache.m in Sources */,
				0455EB032911094F00B980E5 /* SKManager.m in Sources */,
				0455EAE12911094E00B980E5 /* SKURLRequestSerialization.m in Sources */,
				0455EAD42911094E00B980E5 /* WKWebView+SKNetworking.m in Sources */,
				0455EB1B29110AE100B980E5 /* NSString+WYAttributeStringTools.m in Sources */,
				0455EAF92911094F00B980E5 /* SKController.m in Sources */,
				0452DD54291114FC00F0EDF6 /* SKMASViewConstraint.m in Sources */,
				0455EAFC2911094F00B980E5 /* SKMessage.m in Sources */,
				0455EB1E29110AE100B980E5 /* UIColor+Category.m in Sources */,
			);
			runOnlyForDeploymentPostprocessing = 0;
		};
		0455EA752911092200B980E5 /* Sources */ = {
			isa = PBXSourcesBuildPhase;
			buildActionMask = 2147483647;
			files = (
				0455EA7F2911092200B980E5 /* SeelKitTests.m in Sources */,
			);
			runOnlyForDeploymentPostprocessing = 0;
		};
/* End PBXSourcesBuildPhase section */

/* Begin PBXTargetDependency section */
		0455EA7C2911092200B980E5 /* PBXTargetDependency */ = {
			isa = PBXTargetDependency;
			target = 0455EA6E2911092100B980E5 /* SeelKit */;
			targetProxy = 0455EA7B2911092200B980E5 /* PBXContainerItemProxy */;
		};
/* End PBXTargetDependency section */

/* Begin XCBuildConfiguration section */
		0455EA812911092200B980E5 /* Debug */ = {
			isa = XCBuildConfiguration;
			buildSettings = {
				ALWAYS_SEARCH_USER_PATHS = NO;
				CLANG_ANALYZER_NONNULL = YES;
				CLANG_ANALYZER_NUMBER_OBJECT_CONVERSION = YES_AGGRESSIVE;
				CLANG_CXX_LANGUAGE_STANDARD = "gnu++17";
				CLANG_ENABLE_MODULES = YES;
				CLANG_ENABLE_OBJC_ARC = YES;
				CLANG_ENABLE_OBJC_WEAK = YES;
				CLANG_WARN_BLOCK_CAPTURE_AUTORELEASING = YES;
				CLANG_WARN_BOOL_CONVERSION = YES;
				CLANG_WARN_COMMA = YES;
				CLANG_WARN_CONSTANT_CONVERSION = YES;
				CLANG_WARN_DEPRECATED_OBJC_IMPLEMENTATIONS = YES;
				CLANG_WARN_DIRECT_OBJC_ISA_USAGE = YES_ERROR;
				CLANG_WARN_DOCUMENTATION_COMMENTS = YES;
				CLANG_WARN_EMPTY_BODY = YES;
				CLANG_WARN_ENUM_CONVERSION = YES;
				CLANG_WARN_INFINITE_RECURSION = YES;
				CLANG_WARN_INT_CONVERSION = YES;
				CLANG_WARN_NON_LITERAL_NULL_CONVERSION = YES;
				CLANG_WARN_OBJC_IMPLICIT_RETAIN_SELF = YES;
				CLANG_WARN_OBJC_LITERAL_CONVERSION = YES;
				CLANG_WARN_OBJC_ROOT_CLASS = YES_ERROR;
				CLANG_WARN_QUOTED_INCLUDE_IN_FRAMEWORK_HEADER = YES;
				CLANG_WARN_RANGE_LOOP_ANALYSIS = YES;
				CLANG_WARN_STRICT_PROTOTYPES = YES;
				CLANG_WARN_SUSPICIOUS_MOVE = YES;
				CLANG_WARN_UNGUARDED_AVAILABILITY = YES_AGGRESSIVE;
				CLANG_WARN_UNREACHABLE_CODE = YES;
				CLANG_WARN__DUPLICATE_METHOD_MATCH = YES;
				COPY_PHASE_STRIP = NO;
				CURRENT_PROJECT_VERSION = 1;
				DEBUG_INFORMATION_FORMAT = dwarf;
				ENABLE_STRICT_OBJC_MSGSEND = YES;
				ENABLE_TESTABILITY = YES;
				GCC_C_LANGUAGE_STANDARD = gnu11;
				GCC_DYNAMIC_NO_PIC = NO;
				GCC_NO_COMMON_BLOCKS = YES;
				GCC_OPTIMIZATION_LEVEL = 0;
				GCC_PREPROCESSOR_DEFINITIONS = (
					"DEBUG=1",
					"$(inherited)",
				);
				GCC_WARN_64_TO_32_BIT_CONVERSION = YES;
				GCC_WARN_ABOUT_RETURN_TYPE = YES_ERROR;
				GCC_WARN_UNDECLARED_SELECTOR = YES;
				GCC_WARN_UNINITIALIZED_AUTOS = YES_AGGRESSIVE;
				GCC_WARN_UNUSED_FUNCTION = YES;
				GCC_WARN_UNUSED_VARIABLE = YES;
				IPHONEOS_DEPLOYMENT_TARGET = 15.4;
				MTL_ENABLE_DEBUG_INFO = INCLUDE_SOURCE;
				MTL_FAST_MATH = YES;
				ONLY_ACTIVE_ARCH = YES;
				SDKROOT = iphoneos;
				VERSIONING_SYSTEM = "apple-generic";
				VERSION_INFO_PREFIX = "";
			};
			name = Debug;
		};
		0455EA822911092200B980E5 /* Release */ = {
			isa = XCBuildConfiguration;
			buildSettings = {
				ALWAYS_SEARCH_USER_PATHS = NO;
				CLANG_ANALYZER_NONNULL = YES;
				CLANG_ANALYZER_NUMBER_OBJECT_CONVERSION = YES_AGGRESSIVE;
				CLANG_CXX_LANGUAGE_STANDARD = "gnu++17";
				CLANG_ENABLE_MODULES = YES;
				CLANG_ENABLE_OBJC_ARC = YES;
				CLANG_ENABLE_OBJC_WEAK = YES;
				CLANG_WARN_BLOCK_CAPTURE_AUTORELEASING = YES;
				CLANG_WARN_BOOL_CONVERSION = YES;
				CLANG_WARN_COMMA = YES;
				CLANG_WARN_CONSTANT_CONVERSION = YES;
				CLANG_WARN_DEPRECATED_OBJC_IMPLEMENTATIONS = YES;
				CLANG_WARN_DIRECT_OBJC_ISA_USAGE = YES_ERROR;
				CLANG_WARN_DOCUMENTATION_COMMENTS = YES;
				CLANG_WARN_EMPTY_BODY = YES;
				CLANG_WARN_ENUM_CONVERSION = YES;
				CLANG_WARN_INFINITE_RECURSION = YES;
				CLANG_WARN_INT_CONVERSION = YES;
				CLANG_WARN_NON_LITERAL_NULL_CONVERSION = YES;
				CLANG_WARN_OBJC_IMPLICIT_RETAIN_SELF = YES;
				CLANG_WARN_OBJC_LITERAL_CONVERSION = YES;
				CLANG_WARN_OBJC_ROOT_CLASS = YES_ERROR;
				CLANG_WARN_QUOTED_INCLUDE_IN_FRAMEWORK_HEADER = YES;
				CLANG_WARN_RANGE_LOOP_ANALYSIS = YES;
				CLANG_WARN_STRICT_PROTOTYPES = YES;
				CLANG_WARN_SUSPICIOUS_MOVE = YES;
				CLANG_WARN_UNGUARDED_AVAILABILITY = YES_AGGRESSIVE;
				CLANG_WARN_UNREACHABLE_CODE = YES;
				CLANG_WARN__DUPLICATE_METHOD_MATCH = YES;
				COPY_PHASE_STRIP = NO;
				CURRENT_PROJECT_VERSION = 1;
				DEBUG_INFORMATION_FORMAT = "dwarf-with-dsym";
				ENABLE_NS_ASSERTIONS = NO;
				ENABLE_STRICT_OBJC_MSGSEND = YES;
				GCC_C_LANGUAGE_STANDARD = gnu11;
				GCC_NO_COMMON_BLOCKS = YES;
				GCC_WARN_64_TO_32_BIT_CONVERSION = YES;
				GCC_WARN_ABOUT_RETURN_TYPE = YES_ERROR;
				GCC_WARN_UNDECLARED_SELECTOR = YES;
				GCC_WARN_UNINITIALIZED_AUTOS = YES_AGGRESSIVE;
				GCC_WARN_UNUSED_FUNCTION = YES;
				GCC_WARN_UNUSED_VARIABLE = YES;
				IPHONEOS_DEPLOYMENT_TARGET = 15.4;
				MTL_ENABLE_DEBUG_INFO = NO;
				MTL_FAST_MATH = YES;
				SDKROOT = iphoneos;
				VALIDATE_PRODUCT = YES;
				VERSIONING_SYSTEM = "apple-generic";
				VERSION_INFO_PREFIX = "";
			};
			name = Release;
		};
		0455EA842911092200B980E5 /* Debug */ = {
			isa = XCBuildConfiguration;
			buildSettings = {
				CLANG_ENABLE_MODULES = YES;
				CODE_SIGN_STYLE = Automatic;
				CURRENT_PROJECT_VERSION = 1;
				DEFINES_MODULE = YES;
				DEVELOPMENT_TEAM = 6R52849EEA;
				DYLIB_COMPATIBILITY_VERSION = 1;
				DYLIB_CURRENT_VERSION = 1;
				DYLIB_INSTALL_NAME_BASE = "@rpath";
				"EXCLUDED_ARCHS[sdk=iphonesimulator*]" = arm64;
				GENERATE_INFOPLIST_FILE = YES;
				INFOPLIST_KEY_NSHumanReadableCopyright = "";
				INSTALL_PATH = "$(LOCAL_LIBRARY_DIR)/Frameworks";
				IPHONEOS_DEPLOYMENT_TARGET = 10.0;
				LD_RUNPATH_SEARCH_PATHS = (
					"$(inherited)",
					"@executable_path/Frameworks",
					"@loader_path/Frameworks",
				);
				MACH_O_TYPE = staticlib;
				MARKETING_VERSION = 1.0;
				ONLY_ACTIVE_ARCH = NO;
				PRODUCT_BUNDLE_IDENTIFIER = com.lucky.box.test.SeelKit;
				PRODUCT_NAME = "$(TARGET_NAME:c99extidentifier)";
				SKIP_INSTALL = YES;
				SUPPORTS_MACCATALYST = NO;
				SWIFT_EMIT_LOC_STRINGS = YES;
				SWIFT_OPTIMIZATION_LEVEL = "-Onone";
				SWIFT_VERSION = 5.0;
				TARGETED_DEVICE_FAMILY = 1;
			};
			name = Debug;
		};
		0455EA852911092200B980E5 /* Release */ = {
			isa = XCBuildConfiguration;
			buildSettings = {
				CLANG_ENABLE_MODULES = YES;
				CODE_SIGN_STYLE = Automatic;
				CURRENT_PROJECT_VERSION = 1;
				DEFINES_MODULE = YES;
				DEVELOPMENT_TEAM = 6R52849EEA;
				DYLIB_COMPATIBILITY_VERSION = 1;
				DYLIB_CURRENT_VERSION = 1;
				DYLIB_INSTALL_NAME_BASE = "@rpath";
				"EXCLUDED_ARCHS[sdk=iphonesimulator*]" = arm64;
				GENERATE_INFOPLIST_FILE = YES;
				INFOPLIST_KEY_NSHumanReadableCopyright = "";
				INSTALL_PATH = "$(LOCAL_LIBRARY_DIR)/Frameworks";
				IPHONEOS_DEPLOYMENT_TARGET = 10.0;
				LD_RUNPATH_SEARCH_PATHS = (
					"$(inherited)",
					"@executable_path/Frameworks",
					"@loader_path/Frameworks",
				);
				MACH_O_TYPE = staticlib;
				MARKETING_VERSION = 1.0;
				ONLY_ACTIVE_ARCH = NO;
				PRODUCT_BUNDLE_IDENTIFIER = com.lucky.box.test.SeelKit;
				PRODUCT_NAME = "$(TARGET_NAME:c99extidentifier)";
				SKIP_INSTALL = YES;
				SUPPORTS_MACCATALYST = NO;
				SWIFT_EMIT_LOC_STRINGS = YES;
				SWIFT_VERSION = 5.0;
				TARGETED_DEVICE_FAMILY = 1;
			};
			name = Release;
		};
		0455EA872911092200B980E5 /* Debug */ = {
			isa = XCBuildConfiguration;
			buildSettings = {
				CODE_SIGN_STYLE = Automatic;
				CURRENT_PROJECT_VERSION = 1;
				DEVELOPMENT_TEAM = 6R52849EEA;
				GENERATE_INFOPLIST_FILE = YES;
				MARKETING_VERSION = 1.0;
				PRODUCT_BUNDLE_IDENTIFIER = com.lucky.box.test.SeelKitTests;
				PRODUCT_NAME = "$(TARGET_NAME)";
				SWIFT_EMIT_LOC_STRINGS = NO;
				TARGETED_DEVICE_FAMILY = "1,2";
			};
			name = Debug;
		};
		0455EA882911092200B980E5 /* Release */ = {
			isa = XCBuildConfiguration;
			buildSettings = {
				CODE_SIGN_STYLE = Automatic;
				CURRENT_PROJECT_VERSION = 1;
				DEVELOPMENT_TEAM = 6R52849EEA;
				GENERATE_INFOPLIST_FILE = YES;
				MARKETING_VERSION = 1.0;
				PRODUCT_BUNDLE_IDENTIFIER = com.lucky.box.test.SeelKitTests;
				PRODUCT_NAME = "$(TARGET_NAME)";
				SWIFT_EMIT_LOC_STRINGS = NO;
				TARGETED_DEVICE_FAMILY = "1,2";
			};
			name = Release;
		};
		0455EB08291109F100B980E5 /* Debug */ = {
			isa = XCBuildConfiguration;
			buildSettings = {
				CODE_SIGN_STYLE = Automatic;
				DEVELOPMENT_TEAM = 6R52849EEA;
				PRODUCT_NAME = "$(TARGET_NAME)";
			};
			name = Debug;
		};
		0455EB09291109F100B980E5 /* Release */ = {
			isa = XCBuildConfiguration;
			buildSettings = {
				CODE_SIGN_STYLE = Automatic;
				DEVELOPMENT_TEAM = 6R52849EEA;
				PRODUCT_NAME = "$(TARGET_NAME)";
			};
			name = Release;
		};
/* End XCBuildConfiguration section */

/* Begin XCConfigurationList section */
		0455EA692911092100B980E5 /* Build configuration list for PBXProject "SeelKit" */ = {
			isa = XCConfigurationList;
			buildConfigurations = (
				0455EA812911092200B980E5 /* Debug */,
				0455EA822911092200B980E5 /* Release */,
			);
			defaultConfigurationIsVisible = 0;
			defaultConfigurationName = Release;
		};
		0455EA832911092200B980E5 /* Build configuration list for PBXNativeTarget "SeelKit" */ = {
			isa = XCConfigurationList;
			buildConfigurations = (
				0455EA842911092200B980E5 /* Debug */,
				0455EA852911092200B980E5 /* Release */,
			);
			defaultConfigurationIsVisible = 0;
			defaultConfigurationName = Release;
		};
		0455EA862911092200B980E5 /* Build configuration list for PBXNativeTarget "SeelKitTests" */ = {
			isa = XCConfigurationList;
			buildConfigurations = (
				0455EA872911092200B980E5 /* Debug */,
				0455EA882911092200B980E5 /* Release */,
			);
			defaultConfigurationIsVisible = 0;
			defaultConfigurationName = Release;
		};
		0455EB07291109F100B980E5 /* Build configuration list for PBXAggregateTarget "SeelKitDelagate" */ = {
			isa = XCConfigurationList;
			buildConfigurations = (
				0455EB08291109F100B980E5 /* Debug */,
				0455EB09291109F100B980E5 /* Release */,
			);
			defaultConfigurationIsVisible = 0;
			defaultConfigurationName = Release;
		};
/* End XCConfigurationList section */
	};
	rootObject = 0455EA662911092100B980E5 /* Project object */;
}
